[[package]]
name = "click"
version = "8.1.3"
requires_python = ">=3.7"
summary = "Composable command line interface toolkit"
dependencies = [
    "colorama; platform_system == \"Windows\"",
]

[[package]]
name = "click-default-group-wheel"
version = "1.2.2"
summary = "Extends click.Group to invoke a command without explicit subcommand name (packaged as a wheel)"
dependencies = [
    "click",
]

[[package]]
name = "colorama"
version = "0.4.5"
requires_python = ">=2.7, !=3.0.*, !=3.1.*, !=3.2.*, !=3.3.*, !=3.4.*"
summary = "Cross-platform colored terminal text."

[[package]]
name = "python-dateutil"
version = "2.8.2"
requires_python = "!=3.0.*,!=3.1.*,!=3.2.*,>=2.7"
summary = "Extensions to the standard Python datetime module"
dependencies = [
    "six>=1.5",
]

[[package]]
name = "six"
version = "1.16.0"
requires_python = ">=2.7, !=3.0.*, !=3.1.*, !=3.2.*"
summary = "Python 2 and 3 compatibility utilities"

[[package]]
name = "sqlite-fts4"
version = "1.0.1"
summary = "Python functions for working with SQLite FTS4 search"

[[package]]
name = "sqlite-utils"
version = "3.27"
requires_python = ">=3.6"
summary = "CLI tool and Python utility functions for manipulating SQLite databases"
dependencies = [
    "click",
    "click-default-group-wheel",
    "python-dateutil",
    "sqlite-fts4",
    "tabulate",
]

[[package]]
name = "tabulate"
version = "0.8.10"
requires_python = ">=2.7, !=3.0.*, !=3.1.*, !=3.2.*, !=3.3.*, !=3.4.*"
summary = "Pretty-print tabular data"

[metadata]
lock_version = "3.1"
content_hash = "sha256:d624205c26111c93ad2431870d0bd619311dbcb0327aeca542928f42d149cafe"

[metadata.files]
"click 8.1.3" = [
    {file = "click-8.1.3-py3-none-any.whl", hash = "sha256:bb4d8133cb15a609f44e8213d9b391b0809795062913b383c62be0ee95b1db48"},
    {file = "click-8.1.3.tar.gz", hash = "sha256:7682dc8afb30297001674575ea00d1814d808d6a36af415a82bd481d37ba7b8e"},
]
"click-default-group-wheel 1.2.2" = [
    {file = "click_default_group_wheel-1.2.2-py3-none-any.whl", hash = "sha256:1599b0b6e0ff63ee806c2cb76593cb8cc73e723cd53532c92bc496dc6fc90e5c"},
    {file = "click-default-group-wheel-1.2.2.tar.gz", hash = "sha256:e90da42d92c03e88a12ed0c0b69c8a29afb5d36e3dc8d29c423ba4219e6d7747"},
]
"colorama 0.4.5" = [
    {file = "colorama-0.4.5-py2.py3-none-any.whl", hash = "sha256:854bf444933e37f5824ae7bfc1e98d5bce2ebe4160d46b5edf346a89358e99da"},
    {file = "colorama-0.4.5.tar.gz", hash = "sha256:e6c6b4334fc50988a639d9b98aa429a0b57da6e17b9a44f0451f930b6967b7a4"},
]
"python-dateutil 2.8.2" = [
    {file = "python_dateutil-2.8.2-py2.py3-none-any.whl", hash = "sha256:961d03dc3453ebbc59dbdea9e4e11c5651520a876d0f4db161e8674aae935da9"},
    {file = "python-dateutil-2.8.2.tar.gz", hash = "sha256:0123cacc1627ae19ddf3c27a5de5bd67ee4586fbdd6440d9748f8abb483d3e86"},
]
"six 1.16.0" = [
    {file = "six-1.16.0-py2.py3-none-any.whl", hash = "sha256:8abb2f1d86890a2dfb989f9a77cfcfd3e47c2a354b01111771326f8aa26e0254"},
    {file = "six-1.16.0.tar.gz", hash = "sha256:1e61c37477a1626458e36f7b1d82aa5c9b094fa4802892072e49de9c60c4c926"},
]
"sqlite-fts4 1.0.1" = [
    {file = "sqlite_fts4-1.0.1-py3-none-any.whl", hash = "sha256:a41b3e510df8bda50e9b1a5162a1e8ff3b92c62a1576ff5c74aaae2cedc9d4f5"},
    {file = "sqlite-fts4-1.0.1.tar.gz", hash = "sha256:b2d4f536a28181dc4ced293b602282dd982cc04f506cf3fc491d18b824c2f613"},
]
"sqlite-utils 3.27" = [
    {file = "sqlite_utils-3.27-py3-none-any.whl", hash = "sha256:6d06dd643d9f9afaf90934e22fa99bd654497a244388a491ae8773d5e6d03e89"},
    {file = "sqlite-utils-3.27.tar.gz", hash = "sha256:49eadc3cad92bebabbac450b825be3ab5277155d31d1a1c72acef61e65e44c6a"},
]
"tabulate 0.8.10" = [
    {file = "tabulate-0.8.10-py3-none-any.whl", hash = "sha256:0ba055423dbaa164b9e456abe7920c5e8ed33fcc16f6d1b2f2d152c8e1e8b4fc"},
    {file = "tabulate-0.8.10.tar.gz", hash = "sha256:6c57f3f3dd7ac2782770155f3adb2db0b1a269637e42f27599925e64b114f519"},
]
